
Microsoft Visual Studio Solution File, Format Version 12.00
# Visual Studio 14
VisualStudioVersion = 14.0.25420.1
MinimumVisualStudioVersion = 10.0.40219.1
Project("{2150E333-8FDC-42A3-9474-1A3956D46DE8}") = "3 - Domain", "3 - Domain", "{4C7C49D0-1712-4B7C-BF99-FF5032686639}"
EndProject
Project("{2150E333-8FDC-42A3-9474-1A3956D46DE8}") = "4 - Data", "4 - Data", "{9245D41E-0478-4DFD-8CA8-D3EBA69ECE97}"
EndProject
Project("{2150E333-8FDC-42A3-9474-1A3956D46DE8}") = "5 - Ioc", "5 - Ioc", "{1AB164C1-385F-4934-B567-5DA5C3BCFB07}"
EndProject
Project("{2150E333-8FDC-42A3-9474-1A3956D46DE8}") = "2 - Application", "2 - Application", "{8B302F37-0EC3-4F87-BE36-29067CEF5F00}"
EndProject
Project("{2150E333-8FDC-42A3-9474-1A3956D46DE8}") = "1 - Service", "1 - Service", "{A71787A6-63A4-460A-BA93-2FF658426780}"
EndProject
Project("{2150E333-8FDC-42A3-9474-1A3956D46DE8}") = "0 - Presentation", "0 - Presentation", "{B3D4E25F-0E6F-4C38-8AB1-ADA456636014}"
EndProject
Project("{FAE04EC0-301F-11D3-BF4B-00C04F79EFBC}") = "CartaoTodos.Domain", "CartaoTodos.Domain\CartaoTodos.Domain.csproj", "{93B3BC46-C579-4869-B8EA-B2ED72D7677E}"
EndProject
Project("{FAE04EC0-301F-11D3-BF4B-00C04F79EFBC}") = "CartaoTodos.Data", "CartaoTodos.Data\CartaoTodos.Data.csproj", "{3AB13DA4-3B23-4602-A667-83FE283ECCED}"
EndProject
Project("{FAE04EC0-301F-11D3-BF4B-00C04F79EFBC}") = "CartaoTodos.IoC", "CartaoTodos.IoC\CartaoTodos.IoC.csproj", "{668F4967-5282-4562-B1EE-FF5F8ECED3D8}"
EndProject
Project("{FAE04EC0-301F-11D3-BF4B-00C04F79EFBC}") = "CartaoTodos.Application", "CartaoTodos.Application\CartaoTodos.Application.csproj", "{8E8E42FD-F017-4350-85D6-F7F465DED5AB}"
EndProject
Project("{FAE04EC0-301F-11D3-BF4B-00C04F79EFBC}") = "CartaoTodos.WebAPI", "CartaoTodos.WebAPI\CartaoTodos.WebAPI.csproj", "{63F58EDF-BD12-4693-B9C6-04542243BC19}"
EndProject
Project("{FAE04EC0-301F-11D3-BF4B-00C04F79EFBC}") = "CartaoTodos.WebForms", "CartaoTodos.WebForms\CartaoTodos.WebForms.csproj", "{80D2E74D-A96E-4DAA-A51E-558B52DCE9BC}"
EndProject
Project("{FAE04EC0-301F-11D3-BF4B-00C04F79EFBC}") = "CartaoTodos.Mvc", "CartaoTodos.Mvc\CartaoTodos.Mvc.csproj", "{92E5CBBA-6BB4-4FEC-B467-8F2E99CE1680}"
EndProject
Project("{FAE04EC0-301F-11D3-BF4B-00C04F79EFBC}") = "CartaoTodos.REST", "CartaoTodos.REST\CartaoTodos.REST.csproj", "{44E170B6-F092-483A-B7CF-3BF1BF2B52F2}"
EndProject
Project("{FAE04EC0-301F-11D3-BF4B-00C04F79EFBC}") = "CartaoTodos.REST.Common", "CartaoTodos.REST.Common\CartaoTodos.REST.Common.csproj", "{2C40102D-73D5-4D06-BC1B-3A0A768CD5FA}"
EndProject
Global
	GlobalSection(SolutionConfigurationPlatforms) = preSolution
		Debug|Any CPU = Debug|Any CPU
		Release|Any CPU = Release|Any CPU
	EndGlobalSection
	GlobalSection(ProjectConfigurationPlatforms) = postSolution
		{93B3BC46-C579-4869-B8EA-B2ED72D7677E}.Debug|Any CPU.ActiveCfg = Debug|Any CPU
		{93B3BC46-C579-4869-B8EA-B2ED72D7677E}.Debug|Any CPU.Build.0 = Debug|Any CPU
		{93B3BC46-C579-4869-B8EA-B2ED72D7677E}.Release|Any CPU.ActiveCfg = Release|Any CPU
		{93B3BC46-C579-4869-B8EA-B2ED72D7677E}.Release|Any CPU.Build.0 = Release|Any CPU
		{3AB13DA4-3B23-4602-A667-83FE283ECCED}.Debug|Any CPU.ActiveCfg = Debug|Any CPU
		{3AB13DA4-3B23-4602-A667-83FE283ECCED}.Debug|Any CPU.Build.0 = Debug|Any CPU
		{3AB13DA4-3B23-4602-A667-83FE283ECCED}.Release|Any CPU.ActiveCfg = Release|Any CPU
		{3AB13DA4-3B23-4602-A667-83FE283ECCED}.Release|Any CPU.Build.0 = Release|Any CPU
		{668F4967-5282-4562-B1EE-FF5F8ECED3D8}.Debug|Any CPU.ActiveCfg = Debug|Any CPU
		{668F4967-5282-4562-B1EE-FF5F8ECED3D8}.Debug|Any CPU.Build.0 = Debug|Any CPU
		{668F4967-5282-4562-B1EE-FF5F8ECED3D8}.Release|Any CPU.ActiveCfg = Release|Any CPU
		{668F4967-5282-4562-B1EE-FF5F8ECED3D8}.Release|Any CPU.Build.0 = Release|Any CPU
		{8E8E42FD-F017-4350-85D6-F7F465DED5AB}.Debug|Any CPU.ActiveCfg = Debug|Any CPU
		{8E8E42FD-F017-4350-85D6-F7F465DED5AB}.Debug|Any CPU.Build.0 = Debug|Any CPU
		{8E8E42FD-F017-4350-85D6-F7F465DED5AB}.Release|Any CPU.ActiveCfg = Release|Any CPU
		{8E8E42FD-F017-4350-85D6-F7F465DED5AB}.Release|Any CPU.Build.0 = Release|Any CPU
		{63F58EDF-BD12-4693-B9C6-04542243BC19}.Debug|Any CPU.ActiveCfg = Debug|Any CPU
		{63F58EDF-BD12-4693-B9C6-04542243BC19}.Debug|Any CPU.Build.0 = Debug|Any CPU
		{63F58EDF-BD12-4693-B9C6-04542243BC19}.Release|Any CPU.ActiveCfg = Release|Any CPU
		{63F58EDF-BD12-4693-B9C6-04542243BC19}.Release|Any CPU.Build.0 = Release|Any CPU
		{80D2E74D-A96E-4DAA-A51E-558B52DCE9BC}.Debug|Any CPU.ActiveCfg = Debug|Any CPU
		{80D2E74D-A96E-4DAA-A51E-558B52DCE9BC}.Debug|Any CPU.Build.0 = Debug|Any CPU
		{80D2E74D-A96E-4DAA-A51E-558B52DCE9BC}.Release|Any CPU.ActiveCfg = Release|Any CPU
		{80D2E74D-A96E-4DAA-A51E-558B52DCE9BC}.Release|Any CPU.Build.0 = Release|Any CPU
		{92E5CBBA-6BB4-4FEC-B467-8F2E99CE1680}.Debug|Any CPU.ActiveCfg = Debug|Any CPU
		{92E5CBBA-6BB4-4FEC-B467-8F2E99CE1680}.Debug|Any CPU.Build.0 = Debug|Any CPU
		{92E5CBBA-6BB4-4FEC-B467-8F2E99CE1680}.Release|Any CPU.ActiveCfg = Release|Any CPU
		{92E5CBBA-6BB4-4FEC-B467-8F2E99CE1680}.Release|Any CPU.Build.0 = Release|Any CPU
		{44E170B6-F092-483A-B7CF-3BF1BF2B52F2}.Debug|Any CPU.ActiveCfg = Debug|Any CPU
		{44E170B6-F092-483A-B7CF-3BF1BF2B52F2}.Debug|Any CPU.Build.0 = Debug|Any CPU
		{44E170B6-F092-483A-B7CF-3BF1BF2B52F2}.Release|Any CPU.ActiveCfg = Release|Any CPU
		{44E170B6-F092-483A-B7CF-3BF1BF2B52F2}.Release|Any CPU.Build.0 = Release|Any CPU
		{2C40102D-73D5-4D06-BC1B-3A0A768CD5FA}.Debug|Any CPU.ActiveCfg = Debug|Any CPU
		{2C40102D-73D5-4D06-BC1B-3A0A768CD5FA}.Debug|Any CPU.Build.0 = Debug|Any CPU
		{2C40102D-73D5-4D06-BC1B-3A0A768CD5FA}.Release|Any CPU.ActiveCfg = Release|Any CPU
		{2C40102D-73D5-4D06-BC1B-3A0A768CD5FA}.Release|Any CPU.Build.0 = Release|Any CPU
	EndGlobalSection
	GlobalSection(SolutionProperties) = preSolution
		HideSolutionNode = FALSE
	EndGlobalSection
	GlobalSection(NestedProjects) = preSolution
		{93B3BC46-C579-4869-B8EA-B2ED72D7677E} = {4C7C49D0-1712-4B7C-BF99-FF5032686639}
		{3AB13DA4-3B23-4602-A667-83FE283ECCED} = {9245D41E-0478-4DFD-8CA8-D3EBA69ECE97}
		{668F4967-5282-4562-B1EE-FF5F8ECED3D8} = {1AB164C1-385F-4934-B567-5DA5C3BCFB07}
		{8E8E42FD-F017-4350-85D6-F7F465DED5AB} = {8B302F37-0EC3-4F87-BE36-29067CEF5F00}
		{63F58EDF-BD12-4693-B9C6-04542243BC19} = {A71787A6-63A4-460A-BA93-2FF658426780}
		{80D2E74D-A96E-4DAA-A51E-558B52DCE9BC} = {B3D4E25F-0E6F-4C38-8AB1-ADA456636014}
		{92E5CBBA-6BB4-4FEC-B467-8F2E99CE1680} = {B3D4E25F-0E6F-4C38-8AB1-ADA456636014}
		{44E170B6-F092-483A-B7CF-3BF1BF2B52F2} = {A71787A6-63A4-460A-BA93-2FF658426780}
		{2C40102D-73D5-4D06-BC1B-3A0A768CD5FA} = {A71787A6-63A4-460A-BA93-2FF658426780}
	EndGlobalSection
EndGlobal
